// !$*UTF8*$!
{
	archiveVersion = 1;
	classes = {
	};
	objectVersion = 46;
	objects = {

/* Begin PBXBuildFile section */
		E7370D941D8FAB8F0050B61B /* main.m in Sources */ = {isa = PBXBuildFile; fileRef = E7370D931D8FAB8F0050B61B /* main.m */; };
		E7370D971D8FAB8F0050B61B /* AppDelegate.m in Sources */ = {isa = PBXBuildFile; fileRef = E7370D961D8FAB8F0050B61B /* AppDelegate.m */; };
		E7370D9A1D8FAB8F0050B61B /* ViewController.m in Sources */ = {isa = PBXBuildFile; fileRef = E7370D991D8FAB8F0050B61B /* ViewController.m */; };
		E7370D9D1D8FAB8F0050B61B /* Main.storyboard in Resources */ = {isa = PBXBuildFile; fileRef = E7370D9B1D8FAB8F0050B61B /* Main.storyboard */; };
		E7370D9F1D8FAB8F0050B61B /* Assets.xcassets in Resources */ = {isa = PBXBuildFile; fileRef = E7370D9E1D8FAB8F0050B61B /* Assets.xcassets */; };
		E7370DA21D8FAB8F0050B61B /* LaunchScreen.storyboard in Resources */ = {isa = PBXBuildFile; fileRef = E7370DA01D8FAB8F0050B61B /* LaunchScreen.storyboard */; };
		E7370DAD1D8FAB8F0050B61B /* RunloopObserverTests.m in Sources */ = {isa = PBXBuildFile; fileRef = E7370DAC1D8FAB8F0050B61B /* RunloopObserverTests.m */; };
		E7370DB81D8FAB8F0050B61B /* RunloopObserverUITests.m in Sources */ = {isa = PBXBuildFile; fileRef = E7370DB71D8FAB8F0050B61B /* RunloopObserverUITests.m */; };
/* End PBXBuildFile section */

/* Begin PBXContainerItemProxy section */
		E7370DA91D8FAB8F0050B61B /* PBXContainerItemProxy */ = {
			isa = PBXContainerItemProxy;
			containerPortal = E7370D871D8FAB8F0050B61B /* Project object */;
			proxyType = 1;
			remoteGlobalIDString = E7370D8E1D8FAB8F0050B61B;
			remoteInfo = RunloopObserver;
		};
		E7370DB41D8FAB8F0050B61B /* PBXContainerItemProxy */ = {
			isa = PBXContainerItemProxy;
			containerPortal = E7370D871D8FAB8F0050B61B /* Project object */;
			proxyType = 1;
			remoteGlobalIDString = E7370D8E1D8FAB8F0050B61B;
			remoteInfo = RunloopObserver;
		};
/* End PBXContainerItemProxy section */

/* Begin PBXFileReference section */
		E7370D8F1D8FAB8F0050B61B /* RunloopObserver.app */ = {isa = PBXFileReference; explicitFileType = wrapper.application; includeInIndex = 0; path = RunloopObserver.app; sourceTree = BUILT_PRODUCTS_DIR; };
		E7370D931D8FAB8F0050B61B /* main.m */ = {isa = PBXFileReference; lastKnownFileType = sourcecode.c.objc; path = main.m; sourceTree = "<group>"; };
		E7370D951D8FAB8F0050B61B /* AppDelegate.h */ = {isa = PBXFileReference; lastKnownFileType = sourcecode.c.h; path = AppDelegate.h; sourceTree = "<group>"; };
		E7370D961D8FAB8F0050B61B /* AppDelegate.m */ = {isa = PBXFileReference; lastKnownFileType = sourcecode.c.objc; path = AppDelegate.m; sourceTree = "<group>"; };
		E7370D981D8FAB8F0050B61B /* ViewController.h */ = {isa = PBXFileReference; lastKnownFileType = sourcecode.c.h; path = ViewController.h; sourceTree = "<group>"; };
		E7370D991D8FAB8F0050B61B /* ViewController.m */ = {isa = PBXFileReference; lastKnownFileType = sourcecode.c.objc; path = ViewController.m; sourceTree = "<group>"; };
		E7370D9C1D8FAB8F0050B61B /* Base */ = {isa = PBXFileReference; lastKnownFileType = file.storyboard; name = Base; path = Base.lproj/Main.storyboard; sourceTree = "<group>"; };
		E7370D9E1D8FAB8F0050B61B /* Assets.xcassets */ = {isa = PBXFileReference; lastKnownFileType = folder.assetcatalog; path = Assets.xcassets; sourceTree = "<group>"; };
		E7370DA11D8FAB8F0050B61B /* Base */ = {isa = PBXFileReference; lastKnownFileType = file.storyboard; name = Base; path = Base.lproj/LaunchScreen.storyboard; sourceTree = "<group>"; };
		E7370DA31D8FAB8F0050B61B /* Info.plist */ = {isa = PBXFileReference; lastKnownFileType = text.plist.xml; path = Info.plist; sourceTree = "<group>"; };
		E7370DA81D8FAB8F0050B61B /* RunloopObserverTests.xctest */ = {isa = PBXFileReference; explicitFileType = wrapper.cfbundle; includeInIndex = 0; path = RunloopObserverTests.xctest; sourceTree = BUILT_PRODUCTS_DIR; };
		E7370DAC1D8FAB8F0050B61B /* RunloopObserverTests.m */ = {isa = PBXFileReference; lastKnownFileType = sourcecode.c.objc; path = RunloopObserverTests.m; sourceTree = "<group>"; };
		E7370DAE1D8FAB8F0050B61B /* Info.plist */ = {isa = PBXFileReference; lastKnownFileType = text.plist.xml; path = Info.plist; sourceTree = "<group>"; };
		E7370DB31D8FAB8F0050B61B /* RunloopObserverUITests.xctest */ = {isa = PBXFileReference; explicitFileType = wrapper.cfbundle; includeInIndex = 0; path = RunloopObserverUITests.xctest; sourceTree = BUILT_PRODUCTS_DIR; };
		E7370DB71D8FAB8F0050B61B /* RunloopObserverUITests.m */ = {isa = PBXFileReference; lastKnownFileType = sourcecode.c.objc; path = RunloopObserverUITests.m; sourceTree = "<group>"; };
		E7370DB91D8FAB8F0050B61B /* Info.plist */ = {isa = PBXFileReference; lastKnownFileType = text.plist.xml; path = Info.plist; sourceTree = "<group>"; };
/* End PBXFileReference section */

/* Begin PBXFrameworksBuildPhase section */
		E7370D8C1D8FAB8F0050B61B /* Frameworks */ = {
			isa = PBXFrameworksBuildPhase;
			buildActionMask = 2147483647;
			files = (
			);
			runOnlyForDeploymentPostprocessing = 0;
		};
		E7370DA51D8FAB8F0050B61B /* Frameworks */ = {
			isa = PBXFrameworksBuildPhase;
			buildActionMask = 2147483647;
			files = (
			);
			runOnlyForDeploymentPostprocessing = 0;
		};
		E7370DB01D8FAB8F0050B61B /* Frameworks */ = {
			isa = PBXFrameworksBuildPhase;
			buildActionMask = 2147483647;
			files = (
			);
			runOnlyForDeploymentPostprocessing = 0;
		};
/* End PBXFrameworksBuildPhase section */

/* Begin PBXGroup section */
		E7370D861D8FAB8F0050B61B = {
			isa = PBXGroup;
			children = (
				E7370D911D8FAB8F0050B61B /* RunloopObserver */,
				E7370DAB1D8FAB8F0050B61B /* RunloopObserverTests */,
				E7370DB61D8FAB8F0050B61B /* RunloopObserverUITests */,
				E7370D901D8FAB8F0050B61B /* Products */,
			);
			sourceTree = "<group>";
		};
		E7370D901D8FAB8F0050B61B /* Products */ = {
			isa = PBXGroup;
			children = (
				E7370D8F1D8FAB8F0050B61B /* RunloopObserver.app */,
				E7370DA81D8FAB8F0050B61B /* RunloopObserverTests.xctest */,
				E7370DB31D8FAB8F0050B61B /* RunloopObserverUITests.xctest */,
			);
			name = Products;
			sourceTree = "<group>";
		};
		E7370D911D8FAB8F0050B61B /* RunloopObserver */ = {
			isa = PBXGroup;
			children = (
				E7370D951D8FAB8F0050B61B /* AppDelegate.h */,
				E7370D961D8FAB8F0050B61B /* AppDelegate.m */,
				E7370D981D8FAB8F0050B61B /* ViewController.h */,
				E7370D991D8FAB8F0050B61B /* ViewController.m */,
				E7370D9B1D8FAB8F0050B61B /* Main.storyboard */,
				E7370D9E1D8FAB8F0050B61B /* Assets.xcassets */,
				E7370DA01D8FAB8F0050B61B /* LaunchScreen.storyboard */,
				E7370DA31D8FAB8F0050B61B /* Info.plist */,
				E7370D921D8FAB8F0050B61B /* Supporting Files */,
			);
			path = RunloopObserver;
			sourceTree = "<group>";
		};
		E7370D921D8FAB8F0050B61B /* Supporting Files */ = {
			isa = PBXGroup;
			children = (
				E7370D931D8FAB8F0050B61B /* main.m */,
			);
			name = "Supporting Files";
			sourceTree = "<group>";
		};
		E7370DAB1D8FAB8F0050B61B /* RunloopObserverTests */ = {
			isa = PBXGroup;
			children = (
				E7370DAC1D8FAB8F0050B61B /* RunloopObserverTests.m */,
				E7370DAE1D8FAB8F0050B61B /* Info.plist */,
			);
			path = RunloopObserverTests;
			sourceTree = "<group>";
		};
		E7370DB61D8FAB8F0050B61B /* RunloopObserverUITests */ = {
			isa = PBXGroup;
			children = (
				E7370DB71D8FAB8F0050B61B /* RunloopObserverUITests.m */,
				E7370DB91D8FAB8F0050B61B /* Info.plist */,
			);
			path = RunloopObserverUITests;
			sourceTree = "<group>";
		};
/* End PBXGroup section */

/* Begin PBXNativeTarget section */
		E7370D8E1D8FAB8F0050B61B /* RunloopObserver */ = {
			isa = PBXNativeTarget;
			buildConfigurationList = E7370DBC1D8FAB8F0050B61B /* Build configuration list for PBXNativeTarget "RunloopObserver" */;
			buildPhases = (
				E7370D8B1D8FAB8F0050B61B /* Sources */,
				E7370D8C1D8FAB8F0050B61B /* Frameworks */,
				E7370D8D1D8FAB8F0050B61B /* Resources */,
			);
			buildRules = (
			);
			dependencies = (
			);
			name = RunloopObserver;
			productName = RunloopObserver;
			productReference = E7370D8F1D8FAB8F0050B61B /* RunloopObserver.app */;
			productType = "com.apple.product-type.application";
		};
		E7370DA71D8FAB8F0050B61B /* RunloopObserverTests */ = {
			isa = PBXNativeTarget;
			buildConfigurationList = E7370DBF1D8FAB8F0050B61B /* Build configuration list for PBXNativeTarget "RunloopObserverTests" */;
			buildPhases = (
				E7370DA41D8FAB8F0050B61B /* Sources */,
				E7370DA51D8FAB8F0050B61B /* Frameworks */,
				E7370DA61D8FAB8F0050B61B /* Resources */,
			);
			buildRules = (
			);
			dependencies = (
				E7370DAA1D8FAB8F0050B61B /* PBXTargetDependency */,
			);
			name = RunloopObserverTests;
			productName = RunloopObserverTests;
			productReference = E7370DA81D8FAB8F0050B61B /* RunloopObserverTests.xctest */;
			productType = "com.apple.product-type.bundle.unit-test";
		};
		E7370DB21D8FAB8F0050B61B /* RunloopObserverUITests */ = {
			isa = PBXNativeTarget;
			buildConfigurationList = E7370DC21D8FAB8F0050B61B /* Build configuration list for PBXNativeTarget "RunloopObserverUITests" */;
			buildPhases = (
				E7370DAF1D8FAB8F0050B61B /* Sources */,
				E7370DB01D8FAB8F0050B61B /* Frameworks */,
				E7370DB11D8FAB8F0050B61B /* Resources */,
			);
			buildRules = (
			);
			dependencies = (
				E7370DB51D8FAB8F0050B61B /* PBXTargetDependency */,
			);
			name = RunloopObserverUITests;
			productName = RunloopObserverUITests;
			productReference = E7370DB31D8FAB8F0050B61B /* RunloopObserverUITests.xctest */;
			productType = "com.apple.product-type.bundle.ui-testing";
		};
/* End PBXNativeTarget section */

/* Begin PBXProject section */
		E7370D871D8FAB8F0050B61B /* Project object */ = {
			isa = PBXProject;
			attributes = {
				LastUpgradeCheck = 0730;
				ORGANIZATIONNAME = alan;
				TargetAttributes = {
					E7370D8E1D8FAB8F0050B61B = {
						CreatedOnToolsVersion = 7.3.1;
					};
					E7370DA71D8FAB8F0050B61B = {
						CreatedOnToolsVersion = 7.3.1;
						TestTargetID = E7370D8E1D8FAB8F0050B61B;
					};
					E7370DB21D8FAB8F0050B61B = {
						CreatedOnToolsVersion = 7.3.1;
						TestTargetID = E7370D8E1D8FAB8F0050B61B;
					};
				};
			};
			buildConfigurationList = E7370D8A1D8FAB8F0050B61B /* Build configuration list for PBXProject "RunloopObserver" */;
			compatibilityVersion = "Xcode 3.2";
			developmentRegion = English;
			hasScannedForEncodings = 0;
			knownRegions = (
				en,
				Base,
			);
			mainGroup = E7370D861D8FAB8F0050B61B;
			productRefGroup = E7370D901D8FAB8F0050B61B /* Products */;
			projectDirPath = "";
			projectRoot = "";
			targets = (
				E7370D8E1D8FAB8F0050B61B /* RunloopObserver */,
				E7370DA71D8FAB8F0050B61B /* RunloopObserverTests */,
				E7370DB21D8FAB8F0050B61B /* RunloopObserverUITests */,
			);
		};
/* End PBXProject section */

/* Begin PBXResourcesBuildPhase section */
		E7370D8D1D8FAB8F0050B61B /* Resources */ = {
			isa = PBXResourcesBuildPhase;
			buildActionMask = 2147483647;
			files = (
				E7370DA21D8FAB8F0050B61B /* LaunchScreen.storyboard in Resources */,
				E7370D9F1D8FAB8F0050B61B /* Assets.xcassets in Resources */,
				E7370D9D1D8FAB8F0050B61B /* Main.storyboard in Resources */,
			);
			runOnlyForDeploymentPostprocessing = 0;
		};
		E7370DA61D8FAB8F0050B61B /* Resources */ = {
			isa = PBXResourcesBuildPhase;
			buildActionMask = 2147483647;
			files = (
			);
			runOnlyForDeploymentPostprocessing = 0;
		};
		E7370DB11D8FAB8F0050B61B /* Resources */ = {
			isa = PBXResourcesBuildPhase;
			buildActionMask = 2147483647;
			files = (
			);
			runOnlyForDeploymentPostprocessing = 0;
		};
/* End PBXResourcesBuildPhase section */

/* Begin PBXSourcesBuildPhase section */
		E7370D8B1D8FAB8F0050B61B /* Sources */ = {
			isa = PBXSourcesBuildPhase;
			buildActionMask = 2147483647;
			files = (
				E7370D9A1D8FAB8F0050B61B /* ViewController.m in Sources */,
				E7370D971D8FAB8F0050B61B /* AppDelegate.m in Sources */,
				E7370D941D8FAB8F0050B61B /* main.m in Sources */,
			);
			runOnlyForDeploymentPostprocessing = 0;
		};
		E7370DA41D8FAB8F0050B61B /* Sources */ = {
			isa = PBXSourcesBuildPhase;
			buildActionMask = 2147483647;
			files = (
				E7370DAD1D8FAB8F0050B61B /* RunloopObserverTests.m in Sources */,
			);
			runOnlyForDeploymentPostprocessing = 0;
		};
		E7370DAF1D8FAB8F0050B61B /* Sources */ = {
			isa = PBXSourcesBuildPhase;
			buildActionMask = 2147483647;
			files = (
				E7370DB81D8FAB8F0050B61B /* RunloopObserverUITests.m in Sources */,
			);
			runOnlyForDeploymentPostprocessing = 0;
		};
/* End PBXSourcesBuildPhase section */

/* Begin PBXTargetDependency section */
		E7370DAA1D8FAB8F0050B61B /* PBXTargetDependency */ = {
			isa = PBXTargetDependency;
			target = E7370D8E1D8FAB8F0050B61B /* RunloopObserver */;
			targetProxy = E7370DA91D8FAB8F0050B61B /* PBXContainerItemProxy */;
		};
		E7370DB51D8FAB8F0050B61B /* PBXTargetDependency */ = {
			isa = PBXTargetDependency;
			target = E7370D8E1D8FAB8F0050B61B /* RunloopObserver */;
			targetProxy = E7370DB41D8FAB8F0050B61B /* PBXContainerItemProxy */;
		};
/* End PBXTargetDependency section */

/* Begin PBXVariantGroup section */
		E7370D9B1D8FAB8F0050B61B /* Main.storyboard */ = {
			isa = PBXVariantGroup;
			children = (
				E7370D9C1D8FAB8F0050B61B /* Base */,
			);
			name = Main.storyboard;
			sourceTree = "<group>";
		};
		E7370DA01D8FAB8F0050B61B /* LaunchScreen.storyboard */ = {
			isa = PBXVariantGroup;
			children = (
				E7370DA11D8FAB8F0050B61B /* Base */,
			);
			name = LaunchScreen.storyboard;
			sourceTree = "<group>";
		};
/* End PBXVariantGroup section */

/* Begin XCBuildConfiguration section */
		E7370DBA1D8FAB8F0050B61B /* Debug */ = {
			isa = XCBuildConfiguration;
			buildSettings = {
				ALWAYS_SEARCH_USER_PATHS = NO;
				CLANG_ANALYZER_NONNULL = YES;
				CLANG_CXX_LANGUAGE_STANDARD = "gnu++0x";
				CLANG_CXX_LIBRARY = "libc++";
				CLANG_ENABLE_MODULES = YES;
				CLANG_ENABLE_OBJC_ARC = YES;
				CLANG_WARN_BOOL_CONVERSION = YES;
				CLANG_WARN_CONSTANT_CONVERSION = YES;
				CLANG_WARN_DIRECT_OBJC_ISA_USAGE = YES_ERROR;
				CLANG_WARN_EMPTY_BODY = YES;
				CLANG_WARN_ENUM_CONVERSION = YES;
				CLANG_WARN_INT_CONVERSION = YES;
				CLANG_WARN_OBJC_ROOT_CLASS = YES_ERROR;
				CLANG_WARN_UNREACHABLE_CODE = YES;
				CLANG_WARN__DUPLICATE_METHOD_MATCH = YES;
				"CODE_SIGN_IDENTITY[sdk=iphoneos*]" = "iPhone Developer";
				COPY_PHASE_STRIP = NO;
				DEBUG_INFORMATION_FORMAT = dwarf;
				ENABLE_STRICT_OBJC_MSGSEND = YES;
				ENABLE_TESTABILITY = YES;
				GCC_C_LANGUAGE_STANDARD = gnu99;
				GCC_DYNAMIC_NO_PIC = NO;
				GCC_NO_COMMON_BLOCKS = YES;
				GCC_OPTIMIZATION_LEVEL = 0;
				GCC_PREPROCESSOR_DEFINITIONS = (
					"DEBUG=1",
					"$(inherited)",
				);
				GCC_WARN_64_TO_32_BIT_CONVERSION = YES;
				GCC_WARN_ABOUT_RETURN_TYPE = YES_ERROR;
				GCC_WARN_UNDECLARED_SELECTOR = YES;
				GCC_WARN_UNINITIALIZED_AUTOS = YES_AGGRESSIVE;
				GCC_WARN_UNUSED_FUNCTION = YES;
				GCC_WARN_UNUSED_VARIABLE = YES;
				IPHONEOS_DEPLOYMENT_TARGET = 9.3;
				MTL_ENABLE_DEBUG_INFO = YES;
				ONLY_ACTIVE_ARCH = YES;
				SDKROOT = iphoneos;
			};
			name = Debug;
		};
		E7370DBB1D8FAB8F0050B61B /* Release */ = {
			isa = XCBuildConfiguration;
			buildSettings = {
				ALWAYS_SEARCH_USER_PATHS = NO;
				CLANG_ANALYZER_NONNULL = YES;
				CLANG_CXX_LANGUAGE_STANDARD = "gnu++0x";
				CLANG_CXX_LIBRARY = "libc++";
				CLANG_ENABLE_MODULES = YES;
				CLANG_ENABLE_OBJC_ARC = YES;
				CLANG_WARN_BOOL_CONVERSION = YES;
				CLANG_WARN_CONSTANT_CONVERSION = YES;
				CLANG_WARN_DIRECT_OBJC_ISA_USAGE = YES_ERROR;
				CLANG_WARN_EMPTY_BODY = YES;
				CLANG_WARN_ENUM_CONVERSION = YES;
				CLANG_WARN_INT_CONVERSION = YES;
				CLANG_WARN_OBJC_ROOT_CLASS = YES_ERROR;
				CLANG_WARN_UNREACHABLE_CODE = YES;
				CLANG_WARN__DUPLICATE_METHOD_MATCH = YES;
				"CODE_SIGN_IDENTITY[sdk=iphoneos*]" = "iPhone Developer";
				COPY_PHASE_STRIP = NO;
				DEBUG_INFORMATION_FORMAT = "dwarf-with-dsym";
				ENABLE_NS_ASSERTIONS = NO;
				ENABLE_STRICT_OBJC_MSGSEND = YES;
				GCC_C_LANGUAGE_STANDARD = gnu99;
				GCC_NO_COMMON_BLOCKS = YES;
				GCC_WARN_64_TO_32_BIT_CONVERSION = YES;
				GCC_WARN_ABOUT_RETURN_TYPE = YES_ERROR;
				GCC_WARN_UNDECLARED_SELECTOR = YES;
				GCC_WARN_UNINITIALIZED_AUTOS = YES_AGGRESSIVE;
				GCC_WARN_UNUSED_FUNCTION = YES;
				GCC_WARN_UNUSED_VARIABLE = YES;
				IPHONEOS_DEPLOYMENT_TARGET = 9.3;
				MTL_ENABLE_DEBUG_INFO = NO;
				SDKROOT = iphoneos;
				VALIDATE_PRODUCT = YES;
			};
			name = Release;
		};
		E7370DBD1D8FAB8F0050B61B /* Debug */ = {
			isa = XCBuildConfiguration;
			buildSettings = {
				ASSETCATALOG_COMPILER_APPICON_NAME = AppIcon;
				INFOPLIST_FILE = RunloopObserver/Info.plist;
				LD_RUNPATH_SEARCH_PATHS = "$(inherited) @executable_path/Frameworks";
				PRODUCT_BUNDLE_IDENTIFIER = com.alan.RunloopObserver;
				PRODUCT_NAME = "$(TARGET_NAME)";
			};
			name = Debug;
		};
		E7370DBE1D8FAB8F0050B61B /* Release */ = {
			isa = XCBuildConfiguration;
			buildSettings = {
				ASSETCATALOG_COMPILER_APPICON_NAME = AppIcon;
				INFOPLIST_FILE = RunloopObserver/Info.plist;
				LD_RUNPATH_SEARCH_PATHS = "$(inherited) @executable_path/Frameworks";
				PRODUCT_BUNDLE_IDENTIFIER = com.alan.RunloopObserver;
				PRODUCT_NAME = "$(TARGET_NAME)";
			};
			name = Release;
		};
		E7370DC01D8FAB8F0050B61B /* Debug */ = {
			isa = XCBuildConfiguration;
			buildSettings = {
				BUNDLE_LOADER = "$(TEST_HOST)";
				INFOPLIST_FILE = RunloopObserverTests/Info.plist;
				LD_RUNPATH_SEARCH_PATHS = "$(inherited) @executable_path/Frameworks @loader_path/Frameworks";
				PRODUCT_BUNDLE_IDENTIFIER = com.alan.RunloopObserverTests;
				PRODUCT_NAME = "$(TARGET_NAME)";
				TEST_HOST = "$(BUILT_PRODUCTS_DIR)/RunloopObserver.app/RunloopObserver";
			};
			name = Debug;
		};
		E7370DC11D8FAB8F0050B61B /* Release */ = {
			isa = XCBuildConfiguration;
			buildSettings = {
				BUNDLE_LOADER = "$(TEST_HOST)";
				INFOPLIST_FILE = RunloopObserverTests/Info.plist;
				LD_RUNPATH_SEARCH_PATHS = "$(inherited) @executable_path/Frameworks @loader_path/Frameworks";
				PRODUCT_BUNDLE_IDENTIFIER = com.alan.RunloopObserverTests;
				PRODUCT_NAME = "$(TARGET_NAME)";
				TEST_HOST = "$(BUILT_PRODUCTS_DIR)/RunloopObserver.app/RunloopObserver";
			};
			name = Release;
		};
		E7370DC31D8FAB8F0050B61B /* Debug */ = {
			isa = XCBuildConfiguration;
			buildSettings = {
				INFOPLIST_FILE = RunloopObserverUITests/Info.plist;
				LD_RUNPATH_SEARCH_PATHS = "$(inherited) @executable_path/Frameworks @loader_path/Frameworks";
				PRODUCT_BUNDLE_IDENTIFIER = com.alan.RunloopObserverUITests;
				PRODUCT_NAME = "$(TARGET_NAME)";
				TEST_TARGET_NAME = RunloopObserver;
			};
			name = Debug;
		};
		E7370DC41D8FAB8F0050B61B /* Release */ = {
			isa = XCBuildConfiguration;
			buildSettings = {
				INFOPLIST_FILE = RunloopObserverUITests/Info.plist;
				LD_RUNPATH_SEARCH_PATHS = "$(inherited) @executable_path/Frameworks @loader_path/Frameworks";
				PRODUCT_BUNDLE_IDENTIFIER = com.alan.RunloopObserverUITests;
				PRODUCT_NAME = "$(TARGET_NAME)";
				TEST_TARGET_NAME = RunloopObserver;
			};
			name = Release;
		};
/* End XCBuildConfiguration section */

/* Begin XCConfigurationList section */
		E7370D8A1D8FAB8F0050B61B /* Build configuration list for PBXProject "RunloopObserver" */ = {
			isa = XCConfigurationList;
			buildConfigurations = (
				E7370DBA1D8FAB8F0050B61B /* Debug */,
				E7370DBB1D8FAB8F0050B61B /* Release */,
			);
			defaultConfigurationIsVisible = 0;
			defaultConfigurationName = Release;
		};
		E7370DBC1D8FAB8F0050B61B /* Build configuration list for PBXNativeTarget "RunloopObserver" */ = {
			isa = XCConfigurationList;
			buildConfigurations = (
				E7370DBD1D8FAB8F0050B61B /* Debug */,
				E7370DBE1D8FAB8F0050B61B /* Release */,
			);
			defaultConfigurationIsVisible = 0;
		};
		E7370DBF1D8FAB8F0050B61B /* Build configuration list for PBXNativeTarget "RunloopObserverTests" */ = {
			isa = XCConfigurationList;
			buildConfigurations = (
				E7370DC01D8FAB8F0050B61B /* Debug */,
				E7370DC11D8FAB8F0050B61B /* Release */,
			);
			defaultConfigurationIsVisible = 0;
		};
		E7370DC21D8FAB8F0050B61B /* Build configuration list for PBXNativeTarget "RunloopObserverUITests" */ = {
			isa = XCConfigurationList;
			buildConfigurations = (
				E7370DC31D8FAB8F0050B61B /* Debug */,
				E7370DC41D8FAB8F0050B61B /* Release */,
			);
			defaultConfigurationIsVisible = 0;
		};
/* End XCConfigurationList section */
	};
	rootObject = E7370D871D8FAB8F0050B61B /* Project object */;
}
