// !$*UTF8*$!
{
	archiveVersion = 1;
	classes = {
	};
	objectVersion = 46;
	objects = {

/* Begin PBXBuildFile section */
		E705D3C91D891CAA006C77BA /* main.m in Sources */ = {isa = PBXBuildFile; fileRef = E705D3C81D891CAA006C77BA /* main.m */; };
		E705D3CC1D891CAA006C77BA /* AppDelegate.m in Sources */ = {isa = PBXBuildFile; fileRef = E705D3CB1D891CAA006C77BA /* AppDelegate.m */; };
		E705D3CF1D891CAA006C77BA /* ViewController.m in Sources */ = {isa = PBXBuildFile; fileRef = E705D3CE1D891CAA006C77BA /* ViewController.m */; };
		E705D3D21D891CAA006C77BA /* Main.storyboard in Resources */ = {isa = PBXBuildFile; fileRef = E705D3D01D891CAA006C77BA /* Main.storyboard */; };
		E705D3D41D891CAA006C77BA /* Assets.xcassets in Resources */ = {isa = PBXBuildFile; fileRef = E705D3D31D891CAA006C77BA /* Assets.xcassets */; };
		E705D3D71D891CAA006C77BA /* LaunchScreen.storyboard in Resources */ = {isa = PBXBuildFile; fileRef = E705D3D51D891CAA006C77BA /* LaunchScreen.storyboard */; };
		E705D3E21D891CAA006C77BA /* block____Tests.m in Sources */ = {isa = PBXBuildFile; fileRef = E705D3E11D891CAA006C77BA /* block____Tests.m */; };
		E705D3ED1D891CAA006C77BA /* block____UITests.m in Sources */ = {isa = PBXBuildFile; fileRef = E705D3EC1D891CAA006C77BA /* block____UITests.m */; };
		E705D3FC1D891CB7006C77BA /* Person.m in Sources */ = {isa = PBXBuildFile; fileRef = E705D3FB1D891CB7006C77BA /* Person.m */; };
/* End PBXBuildFile section */

/* Begin PBXContainerItemProxy section */
		E705D3DE1D891CAA006C77BA /* PBXContainerItemProxy */ = {
			isa = PBXContainerItemProxy;
			containerPortal = E705D3BC1D891CAA006C77BA /* Project object */;
			proxyType = 1;
			remoteGlobalIDString = E705D3C31D891CAA006C77BA;
			remoteInfo = "block做返回值";
		};
		E705D3E91D891CAA006C77BA /* PBXContainerItemProxy */ = {
			isa = PBXContainerItemProxy;
			containerPortal = E705D3BC1D891CAA006C77BA /* Project object */;
			proxyType = 1;
			remoteGlobalIDString = E705D3C31D891CAA006C77BA;
			remoteInfo = "block做返回值";
		};
/* End PBXContainerItemProxy section */

/* Begin PBXFileReference section */
		E705D3C41D891CAA006C77BA /* block做返回值.app */ = {isa = PBXFileReference; explicitFileType = wrapper.application; includeInIndex = 0; path = "block做返回值.app"; sourceTree = BUILT_PRODUCTS_DIR; };
		E705D3C81D891CAA006C77BA /* main.m */ = {isa = PBXFileReference; lastKnownFileType = sourcecode.c.objc; path = main.m; sourceTree = "<group>"; };
		E705D3CA1D891CAA006C77BA /* AppDelegate.h */ = {isa = PBXFileReference; lastKnownFileType = sourcecode.c.h; path = AppDelegate.h; sourceTree = "<group>"; };
		E705D3CB1D891CAA006C77BA /* AppDelegate.m */ = {isa = PBXFileReference; lastKnownFileType = sourcecode.c.objc; path = AppDelegate.m; sourceTree = "<group>"; };
		E705D3CD1D891CAA006C77BA /* ViewController.h */ = {isa = PBXFileReference; lastKnownFileType = sourcecode.c.h; path = ViewController.h; sourceTree = "<group>"; };
		E705D3CE1D891CAA006C77BA /* ViewController.m */ = {isa = PBXFileReference; lastKnownFileType = sourcecode.c.objc; path = ViewController.m; sourceTree = "<group>"; };
		E705D3D11D891CAA006C77BA /* Base */ = {isa = PBXFileReference; lastKnownFileType = file.storyboard; name = Base; path = Base.lproj/Main.storyboard; sourceTree = "<group>"; };
		E705D3D31D891CAA006C77BA /* Assets.xcassets */ = {isa = PBXFileReference; lastKnownFileType = folder.assetcatalog; path = Assets.xcassets; sourceTree = "<group>"; };
		E705D3D61D891CAA006C77BA /* Base */ = {isa = PBXFileReference; lastKnownFileType = file.storyboard; name = Base; path = Base.lproj/LaunchScreen.storyboard; sourceTree = "<group>"; };
		E705D3D81D891CAA006C77BA /* Info.plist */ = {isa = PBXFileReference; lastKnownFileType = text.plist.xml; path = Info.plist; sourceTree = "<group>"; };
		E705D3DD1D891CAA006C77BA /* block做返回值Tests.xctest */ = {isa = PBXFileReference; explicitFileType = wrapper.cfbundle; includeInIndex = 0; path = "block做返回值Tests.xctest"; sourceTree = BUILT_PRODUCTS_DIR; };
		E705D3E11D891CAA006C77BA /* block____Tests.m */ = {isa = PBXFileReference; lastKnownFileType = sourcecode.c.objc; path = "block____Tests.m"; sourceTree = "<group>"; };
		E705D3E31D891CAA006C77BA /* Info.plist */ = {isa = PBXFileReference; lastKnownFileType = text.plist.xml; path = Info.plist; sourceTree = "<group>"; };
		E705D3E81D891CAA006C77BA /* block做返回值UITests.xctest */ = {isa = PBXFileReference; explicitFileType = wrapper.cfbundle; includeInIndex = 0; path = "block做返回值UITests.xctest"; sourceTree = BUILT_PRODUCTS_DIR; };
		E705D3EC1D891CAA006C77BA /* block____UITests.m */ = {isa = PBXFileReference; lastKnownFileType = sourcecode.c.objc; path = "block____UITests.m"; sourceTree = "<group>"; };
		E705D3EE1D891CAA006C77BA /* Info.plist */ = {isa = PBXFileReference; lastKnownFileType = text.plist.xml; path = Info.plist; sourceTree = "<group>"; };
		E705D3FA1D891CB7006C77BA /* Person.h */ = {isa = PBXFileReference; fileEncoding = 4; lastKnownFileType = sourcecode.c.h; path = Person.h; sourceTree = "<group>"; };
		E705D3FB1D891CB7006C77BA /* Person.m */ = {isa = PBXFileReference; fileEncoding = 4; lastKnownFileType = sourcecode.c.objc; path = Person.m; sourceTree = "<group>"; };
/* End PBXFileReference section */

/* Begin PBXFrameworksBuildPhase section */
		E705D3C11D891CAA006C77BA /* Frameworks */ = {
			isa = PBXFrameworksBuildPhase;
			buildActionMask = 2147483647;
			files = (
			);
			runOnlyForDeploymentPostprocessing = 0;
		};
		E705D3DA1D891CAA006C77BA /* Frameworks */ = {
			isa = PBXFrameworksBuildPhase;
			buildActionMask = 2147483647;
			files = (
			);
			runOnlyForDeploymentPostprocessing = 0;
		};
		E705D3E51D891CAA006C77BA /* Frameworks */ = {
			isa = PBXFrameworksBuildPhase;
			buildActionMask = 2147483647;
			files = (
			);
			runOnlyForDeploymentPostprocessing = 0;
		};
/* End PBXFrameworksBuildPhase section */

/* Begin PBXGroup section */
		E705D3BB1D891CAA006C77BA = {
			isa = PBXGroup;
			children = (
				E705D3C61D891CAA006C77BA /* block做返回值 */,
				E705D3E01D891CAA006C77BA /* block做返回值Tests */,
				E705D3EB1D891CAA006C77BA /* block做返回值UITests */,
				E705D3C51D891CAA006C77BA /* Products */,
			);
			sourceTree = "<group>";
		};
		E705D3C51D891CAA006C77BA /* Products */ = {
			isa = PBXGroup;
			children = (
				E705D3C41D891CAA006C77BA /* block做返回值.app */,
				E705D3DD1D891CAA006C77BA /* block做返回值Tests.xctest */,
				E705D3E81D891CAA006C77BA /* block做返回值UITests.xctest */,
			);
			name = Products;
			sourceTree = "<group>";
		};
		E705D3C61D891CAA006C77BA /* block做返回值 */ = {
			isa = PBXGroup;
			children = (
				E705D3CA1D891CAA006C77BA /* AppDelegate.h */,
				E705D3CB1D891CAA006C77BA /* AppDelegate.m */,
				E705D3CD1D891CAA006C77BA /* ViewController.h */,
				E705D3CE1D891CAA006C77BA /* ViewController.m */,
				E705D3FA1D891CB7006C77BA /* Person.h */,
				E705D3FB1D891CB7006C77BA /* Person.m */,
				E705D3D01D891CAA006C77BA /* Main.storyboard */,
				E705D3D31D891CAA006C77BA /* Assets.xcassets */,
				E705D3D51D891CAA006C77BA /* LaunchScreen.storyboard */,
				E705D3D81D891CAA006C77BA /* Info.plist */,
				E705D3C71D891CAA006C77BA /* Supporting Files */,
			);
			path = "block做返回值";
			sourceTree = "<group>";
		};
		E705D3C71D891CAA006C77BA /* Supporting Files */ = {
			isa = PBXGroup;
			children = (
				E705D3C81D891CAA006C77BA /* main.m */,
			);
			name = "Supporting Files";
			sourceTree = "<group>";
		};
		E705D3E01D891CAA006C77BA /* block做返回值Tests */ = {
			isa = PBXGroup;
			children = (
				E705D3E11D891CAA006C77BA /* block____Tests.m */,
				E705D3E31D891CAA006C77BA /* Info.plist */,
			);
			path = "block做返回值Tests";
			sourceTree = "<group>";
		};
		E705D3EB1D891CAA006C77BA /* block做返回值UITests */ = {
			isa = PBXGroup;
			children = (
				E705D3EC1D891CAA006C77BA /* block____UITests.m */,
				E705D3EE1D891CAA006C77BA /* Info.plist */,
			);
			path = "block做返回值UITests";
			sourceTree = "<group>";
		};
/* End PBXGroup section */

/* Begin PBXNativeTarget section */
		E705D3C31D891CAA006C77BA /* block做返回值 */ = {
			isa = PBXNativeTarget;
			buildConfigurationList = E705D3F11D891CAA006C77BA /* Build configuration list for PBXNativeTarget "block做返回值" */;
			buildPhases = (
				E705D3C01D891CAA006C77BA /* Sources */,
				E705D3C11D891CAA006C77BA /* Frameworks */,
				E705D3C21D891CAA006C77BA /* Resources */,
			);
			buildRules = (
			);
			dependencies = (
			);
			name = "block做返回值";
			productName = "block做返回值";
			productReference = E705D3C41D891CAA006C77BA /* block做返回值.app */;
			productType = "com.apple.product-type.application";
		};
		E705D3DC1D891CAA006C77BA /* block做返回值Tests */ = {
			isa = PBXNativeTarget;
			buildConfigurationList = E705D3F41D891CAA006C77BA /* Build configuration list for PBXNativeTarget "block做返回值Tests" */;
			buildPhases = (
				E705D3D91D891CAA006C77BA /* Sources */,
				E705D3DA1D891CAA006C77BA /* Frameworks */,
				E705D3DB1D891CAA006C77BA /* Resources */,
			);
			buildRules = (
			);
			dependencies = (
				E705D3DF1D891CAA006C77BA /* PBXTargetDependency */,
			);
			name = "block做返回值Tests";
			productName = "block做返回值Tests";
			productReference = E705D3DD1D891CAA006C77BA /* block做返回值Tests.xctest */;
			productType = "com.apple.product-type.bundle.unit-test";
		};
		E705D3E71D891CAA006C77BA /* block做返回值UITests */ = {
			isa = PBXNativeTarget;
			buildConfigurationList = E705D3F71D891CAA006C77BA /* Build configuration list for PBXNativeTarget "block做返回值UITests" */;
			buildPhases = (
				E705D3E41D891CAA006C77BA /* Sources */,
				E705D3E51D891CAA006C77BA /* Frameworks */,
				E705D3E61D891CAA006C77BA /* Resources */,
			);
			buildRules = (
			);
			dependencies = (
				E705D3EA1D891CAA006C77BA /* PBXTargetDependency */,
			);
			name = "block做返回值UITests";
			productName = "block做返回值UITests";
			productReference = E705D3E81D891CAA006C77BA /* block做返回值UITests.xctest */;
			productType = "com.apple.product-type.bundle.ui-testing";
		};
/* End PBXNativeTarget section */

/* Begin PBXProject section */
		E705D3BC1D891CAA006C77BA /* Project object */ = {
			isa = PBXProject;
			attributes = {
				LastUpgradeCheck = 0730;
				ORGANIZATIONNAME = alan;
				TargetAttributes = {
					E705D3C31D891CAA006C77BA = {
						CreatedOnToolsVersion = 7.3.1;
					};
					E705D3DC1D891CAA006C77BA = {
						CreatedOnToolsVersion = 7.3.1;
						TestTargetID = E705D3C31D891CAA006C77BA;
					};
					E705D3E71D891CAA006C77BA = {
						CreatedOnToolsVersion = 7.3.1;
						TestTargetID = E705D3C31D891CAA006C77BA;
					};
				};
			};
			buildConfigurationList = E705D3BF1D891CAA006C77BA /* Build configuration list for PBXProject "block做返回值" */;
			compatibilityVersion = "Xcode 3.2";
			developmentRegion = English;
			hasScannedForEncodings = 0;
			knownRegions = (
				en,
				Base,
			);
			mainGroup = E705D3BB1D891CAA006C77BA;
			productRefGroup = E705D3C51D891CAA006C77BA /* Products */;
			projectDirPath = "";
			projectRoot = "";
			targets = (
				E705D3C31D891CAA006C77BA /* block做返回值 */,
				E705D3DC1D891CAA006C77BA /* block做返回值Tests */,
				E705D3E71D891CAA006C77BA /* block做返回值UITests */,
			);
		};
/* End PBXProject section */

/* Begin PBXResourcesBuildPhase section */
		E705D3C21D891CAA006C77BA /* Resources */ = {
			isa = PBXResourcesBuildPhase;
			buildActionMask = 2147483647;
			files = (
				E705D3D71D891CAA006C77BA /* LaunchScreen.storyboard in Resources */,
				E705D3D41D891CAA006C77BA /* Assets.xcassets in Resources */,
				E705D3D21D891CAA006C77BA /* Main.storyboard in Resources */,
			);
			runOnlyForDeploymentPostprocessing = 0;
		};
		E705D3DB1D891CAA006C77BA /* Resources */ = {
			isa = PBXResourcesBuildPhase;
			buildActionMask = 2147483647;
			files = (
			);
			runOnlyForDeploymentPostprocessing = 0;
		};
		E705D3E61D891CAA006C77BA /* Resources */ = {
			isa = PBXResourcesBuildPhase;
			buildActionMask = 2147483647;
			files = (
			);
			runOnlyForDeploymentPostprocessing = 0;
		};
/* End PBXResourcesBuildPhase section */

/* Begin PBXSourcesBuildPhase section */
		E705D3C01D891CAA006C77BA /* Sources */ = {
			isa = PBXSourcesBuildPhase;
			buildActionMask = 2147483647;
			files = (
				E705D3CF1D891CAA006C77BA /* ViewController.m in Sources */,
				E705D3CC1D891CAA006C77BA /* AppDelegate.m in Sources */,
				E705D3FC1D891CB7006C77BA /* Person.m in Sources */,
				E705D3C91D891CAA006C77BA /* main.m in Sources */,
			);
			runOnlyForDeploymentPostprocessing = 0;
		};
		E705D3D91D891CAA006C77BA /* Sources */ = {
			isa = PBXSourcesBuildPhase;
			buildActionMask = 2147483647;
			files = (
				E705D3E21D891CAA006C77BA /* block____Tests.m in Sources */,
			);
			runOnlyForDeploymentPostprocessing = 0;
		};
		E705D3E41D891CAA006C77BA /* Sources */ = {
			isa = PBXSourcesBuildPhase;
			buildActionMask = 2147483647;
			files = (
				E705D3ED1D891CAA006C77BA /* block____UITests.m in Sources */,
			);
			runOnlyForDeploymentPostprocessing = 0;
		};
/* End PBXSourcesBuildPhase section */

/* Begin PBXTargetDependency section */
		E705D3DF1D891CAA006C77BA /* PBXTargetDependency */ = {
			isa = PBXTargetDependency;
			target = E705D3C31D891CAA006C77BA /* block做返回值 */;
			targetProxy = E705D3DE1D891CAA006C77BA /* PBXContainerItemProxy */;
		};
		E705D3EA1D891CAA006C77BA /* PBXTargetDependency */ = {
			isa = PBXTargetDependency;
			target = E705D3C31D891CAA006C77BA /* block做返回值 */;
			targetProxy = E705D3E91D891CAA006C77BA /* PBXContainerItemProxy */;
		};
/* End PBXTargetDependency section */

/* Begin PBXVariantGroup section */
		E705D3D01D891CAA006C77BA /* Main.storyboard */ = {
			isa = PBXVariantGroup;
			children = (
				E705D3D11D891CAA006C77BA /* Base */,
			);
			name = Main.storyboard;
			sourceTree = "<group>";
		};
		E705D3D51D891CAA006C77BA /* LaunchScreen.storyboard */ = {
			isa = PBXVariantGroup;
			children = (
				E705D3D61D891CAA006C77BA /* Base */,
			);
			name = LaunchScreen.storyboard;
			sourceTree = "<group>";
		};
/* End PBXVariantGroup section */

/* Begin XCBuildConfiguration section */
		E705D3EF1D891CAA006C77BA /* Debug */ = {
			isa = XCBuildConfiguration;
			buildSettings = {
				ALWAYS_SEARCH_USER_PATHS = NO;
				CLANG_ANALYZER_NONNULL = YES;
				CLANG_CXX_LANGUAGE_STANDARD = "gnu++0x";
				CLANG_CXX_LIBRARY = "libc++";
				CLANG_ENABLE_MODULES = YES;
				CLANG_ENABLE_OBJC_ARC = YES;
				CLANG_WARN_BOOL_CONVERSION = YES;
				CLANG_WARN_CONSTANT_CONVERSION = YES;
				CLANG_WARN_DIRECT_OBJC_ISA_USAGE = YES_ERROR;
				CLANG_WARN_EMPTY_BODY = YES;
				CLANG_WARN_ENUM_CONVERSION = YES;
				CLANG_WARN_INT_CONVERSION = YES;
				CLANG_WARN_OBJC_ROOT_CLASS = YES_ERROR;
				CLANG_WARN_UNREACHABLE_CODE = YES;
				CLANG_WARN__DUPLICATE_METHOD_MATCH = YES;
				"CODE_SIGN_IDENTITY[sdk=iphoneos*]" = "iPhone Developer";
				COPY_PHASE_STRIP = NO;
				DEBUG_INFORMATION_FORMAT = dwarf;
				ENABLE_STRICT_OBJC_MSGSEND = YES;
				ENABLE_TESTABILITY = YES;
				GCC_C_LANGUAGE_STANDARD = gnu99;
				GCC_DYNAMIC_NO_PIC = NO;
				GCC_NO_COMMON_BLOCKS = YES;
				GCC_OPTIMIZATION_LEVEL = 0;
				GCC_PREPROCESSOR_DEFINITIONS = (
					"DEBUG=1",
					"$(inherited)",
				);
				GCC_WARN_64_TO_32_BIT_CONVERSION = YES;
				GCC_WARN_ABOUT_RETURN_TYPE = YES_ERROR;
				GCC_WARN_UNDECLARED_SELECTOR = YES;
				GCC_WARN_UNINITIALIZED_AUTOS = YES_AGGRESSIVE;
				GCC_WARN_UNUSED_FUNCTION = YES;
				GCC_WARN_UNUSED_VARIABLE = YES;
				IPHONEOS_DEPLOYMENT_TARGET = 9.3;
				MTL_ENABLE_DEBUG_INFO = YES;
				ONLY_ACTIVE_ARCH = YES;
				SDKROOT = iphoneos;
			};
			name = Debug;
		};
		E705D3F01D891CAA006C77BA /* Release */ = {
			isa = XCBuildConfiguration;
			buildSettings = {
				ALWAYS_SEARCH_USER_PATHS = NO;
				CLANG_ANALYZER_NONNULL = YES;
				CLANG_CXX_LANGUAGE_STANDARD = "gnu++0x";
				CLANG_CXX_LIBRARY = "libc++";
				CLANG_ENABLE_MODULES = YES;
				CLANG_ENABLE_OBJC_ARC = YES;
				CLANG_WARN_BOOL_CONVERSION = YES;
				CLANG_WARN_CONSTANT_CONVERSION = YES;
				CLANG_WARN_DIRECT_OBJC_ISA_USAGE = YES_ERROR;
				CLANG_WARN_EMPTY_BODY = YES;
				CLANG_WARN_ENUM_CONVERSION = YES;
				CLANG_WARN_INT_CONVERSION = YES;
				CLANG_WARN_OBJC_ROOT_CLASS = YES_ERROR;
				CLANG_WARN_UNREACHABLE_CODE = YES;
				CLANG_WARN__DUPLICATE_METHOD_MATCH = YES;
				"CODE_SIGN_IDENTITY[sdk=iphoneos*]" = "iPhone Developer";
				COPY_PHASE_STRIP = NO;
				DEBUG_INFORMATION_FORMAT = "dwarf-with-dsym";
				ENABLE_NS_ASSERTIONS = NO;
				ENABLE_STRICT_OBJC_MSGSEND = YES;
				GCC_C_LANGUAGE_STANDARD = gnu99;
				GCC_NO_COMMON_BLOCKS = YES;
				GCC_WARN_64_TO_32_BIT_CONVERSION = YES;
				GCC_WARN_ABOUT_RETURN_TYPE = YES_ERROR;
				GCC_WARN_UNDECLARED_SELECTOR = YES;
				GCC_WARN_UNINITIALIZED_AUTOS = YES_AGGRESSIVE;
				GCC_WARN_UNUSED_FUNCTION = YES;
				GCC_WARN_UNUSED_VARIABLE = YES;
				IPHONEOS_DEPLOYMENT_TARGET = 9.3;
				MTL_ENABLE_DEBUG_INFO = NO;
				SDKROOT = iphoneos;
				VALIDATE_PRODUCT = YES;
			};
			name = Release;
		};
		E705D3F21D891CAA006C77BA /* Debug */ = {
			isa = XCBuildConfiguration;
			buildSettings = {
				ASSETCATALOG_COMPILER_APPICON_NAME = AppIcon;
				INFOPLIST_FILE = "block做返回值/Info.plist";
				LD_RUNPATH_SEARCH_PATHS = "$(inherited) @executable_path/Frameworks";
				PRODUCT_BUNDLE_IDENTIFIER = "com.alan.block----";
				PRODUCT_NAME = "$(TARGET_NAME)";
			};
			name = Debug;
		};
		E705D3F31D891CAA006C77BA /* Release */ = {
			isa = XCBuildConfiguration;
			buildSettings = {
				ASSETCATALOG_COMPILER_APPICON_NAME = AppIcon;
				INFOPLIST_FILE = "block做返回值/Info.plist";
				LD_RUNPATH_SEARCH_PATHS = "$(inherited) @executable_path/Frameworks";
				PRODUCT_BUNDLE_IDENTIFIER = "com.alan.block----";
				PRODUCT_NAME = "$(TARGET_NAME)";
			};
			name = Release;
		};
		E705D3F51D891CAA006C77BA /* Debug */ = {
			isa = XCBuildConfiguration;
			buildSettings = {
				BUNDLE_LOADER = "$(TEST_HOST)";
				INFOPLIST_FILE = "block做返回值Tests/Info.plist";
				LD_RUNPATH_SEARCH_PATHS = "$(inherited) @executable_path/Frameworks @loader_path/Frameworks";
				PRODUCT_BUNDLE_IDENTIFIER = "com.alan.block----Tests";
				PRODUCT_NAME = "$(TARGET_NAME)";
				TEST_HOST = "$(BUILT_PRODUCTS_DIR)/block做返回值.app/block做返回值";
			};
			name = Debug;
		};
		E705D3F61D891CAA006C77BA /* Release */ = {
			isa = XCBuildConfiguration;
			buildSettings = {
				BUNDLE_LOADER = "$(TEST_HOST)";
				INFOPLIST_FILE = "block做返回值Tests/Info.plist";
				LD_RUNPATH_SEARCH_PATHS = "$(inherited) @executable_path/Frameworks @loader_path/Frameworks";
				PRODUCT_BUNDLE_IDENTIFIER = "com.alan.block----Tests";
				PRODUCT_NAME = "$(TARGET_NAME)";
				TEST_HOST = "$(BUILT_PRODUCTS_DIR)/block做返回值.app/block做返回值";
			};
			name = Release;
		};
		E705D3F81D891CAA006C77BA /* Debug */ = {
			isa = XCBuildConfiguration;
			buildSettings = {
				INFOPLIST_FILE = "block做返回值UITests/Info.plist";
				LD_RUNPATH_SEARCH_PATHS = "$(inherited) @executable_path/Frameworks @loader_path/Frameworks";
				PRODUCT_BUNDLE_IDENTIFIER = "com.alan.block----UITests";
				PRODUCT_NAME = "$(TARGET_NAME)";
				TEST_TARGET_NAME = "block做返回值";
			};
			name = Debug;
		};
		E705D3F91D891CAA006C77BA /* Release */ = {
			isa = XCBuildConfiguration;
			buildSettings = {
				INFOPLIST_FILE = "block做返回值UITests/Info.plist";
				LD_RUNPATH_SEARCH_PATHS = "$(inherited) @executable_path/Frameworks @loader_path/Frameworks";
				PRODUCT_BUNDLE_IDENTIFIER = "com.alan.block----UITests";
				PRODUCT_NAME = "$(TARGET_NAME)";
				TEST_TARGET_NAME = "block做返回值";
			};
			name = Release;
		};
/* End XCBuildConfiguration section */

/* Begin XCConfigurationList section */
		E705D3BF1D891CAA006C77BA /* Build configuration list for PBXProject "block做返回值" */ = {
			isa = XCConfigurationList;
			buildConfigurations = (
				E705D3EF1D891CAA006C77BA /* Debug */,
				E705D3F01D891CAA006C77BA /* Release */,
			);
			defaultConfigurationIsVisible = 0;
			defaultConfigurationName = Release;
		};
		E705D3F11D891CAA006C77BA /* Build configuration list for PBXNativeTarget "block做返回值" */ = {
			isa = XCConfigurationList;
			buildConfigurations = (
				E705D3F21D891CAA006C77BA /* Debug */,
				E705D3F31D891CAA006C77BA /* Release */,
			);
			defaultConfigurationIsVisible = 0;
		};
		E705D3F41D891CAA006C77BA /* Build configuration list for PBXNativeTarget "block做返回值Tests" */ = {
			isa = XCConfigurationList;
			buildConfigurations = (
				E705D3F51D891CAA006C77BA /* Debug */,
				E705D3F61D891CAA006C77BA /* Release */,
			);
			defaultConfigurationIsVisible = 0;
		};
		E705D3F71D891CAA006C77BA /* Build configuration list for PBXNativeTarget "block做返回值UITests" */ = {
			isa = XCConfigurationList;
			buildConfigurations = (
				E705D3F81D891CAA006C77BA /* Debug */,
				E705D3F91D891CAA006C77BA /* Release */,
			);
			defaultConfigurationIsVisible = 0;
		};
/* End XCConfigurationList section */
	};
	rootObject = E705D3BC1D891CAA006C77BA /* Project object */;
}
