// !$*UTF8*$!
{
	archiveVersion = 1;
	classes = {
	};
	objectVersion = 46;
	objects = {

/* Begin PBXBuildFile section */
		E7452E9D1D8E266200F036E5 /* main.m in Sources */ = {isa = PBXBuildFile; fileRef = E7452E9C1D8E266200F036E5 /* main.m */; };
		E7452EA01D8E266200F036E5 /* AppDelegate.m in Sources */ = {isa = PBXBuildFile; fileRef = E7452E9F1D8E266200F036E5 /* AppDelegate.m */; };
		E7452EA31D8E266200F036E5 /* ViewController.m in Sources */ = {isa = PBXBuildFile; fileRef = E7452EA21D8E266200F036E5 /* ViewController.m */; };
		E7452EA61D8E266200F036E5 /* Main.storyboard in Resources */ = {isa = PBXBuildFile; fileRef = E7452EA41D8E266200F036E5 /* Main.storyboard */; };
		E7452EA81D8E266200F036E5 /* Assets.xcassets in Resources */ = {isa = PBXBuildFile; fileRef = E7452EA71D8E266200F036E5 /* Assets.xcassets */; };
		E7452EAB1D8E266200F036E5 /* LaunchScreen.storyboard in Resources */ = {isa = PBXBuildFile; fileRef = E7452EA91D8E266200F036E5 /* LaunchScreen.storyboard */; };
		E7452EB61D8E266200F036E5 /* block_____Tests.m in Sources */ = {isa = PBXBuildFile; fileRef = E7452EB51D8E266200F036E5 /* block_____Tests.m */; };
		E7452EC11D8E266200F036E5 /* block_____UITests.m in Sources */ = {isa = PBXBuildFile; fileRef = E7452EC01D8E266200F036E5 /* block_____UITests.m */; };
		E7452ED01D8E274A00F036E5 /* ATTableViewCell.m in Sources */ = {isa = PBXBuildFile; fileRef = E7452ECF1D8E274A00F036E5 /* ATTableViewCell.m */; };
		E7452ED31D8E2AB000F036E5 /* ATModel.m in Sources */ = {isa = PBXBuildFile; fileRef = E7452ED21D8E2AB000F036E5 /* ATModel.m */; };
/* End PBXBuildFile section */

/* Begin PBXContainerItemProxy section */
		E7452EB21D8E266200F036E5 /* PBXContainerItemProxy */ = {
			isa = PBXContainerItemProxy;
			containerPortal = E7452E901D8E266200F036E5 /* Project object */;
			proxyType = 1;
			remoteGlobalIDString = E7452E971D8E266200F036E5;
			remoteInfo = "block保存代码块";
		};
		E7452EBD1D8E266200F036E5 /* PBXContainerItemProxy */ = {
			isa = PBXContainerItemProxy;
			containerPortal = E7452E901D8E266200F036E5 /* Project object */;
			proxyType = 1;
			remoteGlobalIDString = E7452E971D8E266200F036E5;
			remoteInfo = "block保存代码块";
		};
/* End PBXContainerItemProxy section */

/* Begin PBXFileReference section */
		E7452E981D8E266200F036E5 /* block保存代码块.app */ = {isa = PBXFileReference; explicitFileType = wrapper.application; includeInIndex = 0; path = "block保存代码块.app"; sourceTree = BUILT_PRODUCTS_DIR; };
		E7452E9C1D8E266200F036E5 /* main.m */ = {isa = PBXFileReference; lastKnownFileType = sourcecode.c.objc; path = main.m; sourceTree = "<group>"; };
		E7452E9E1D8E266200F036E5 /* AppDelegate.h */ = {isa = PBXFileReference; lastKnownFileType = sourcecode.c.h; path = AppDelegate.h; sourceTree = "<group>"; };
		E7452E9F1D8E266200F036E5 /* AppDelegate.m */ = {isa = PBXFileReference; lastKnownFileType = sourcecode.c.objc; path = AppDelegate.m; sourceTree = "<group>"; };
		E7452EA11D8E266200F036E5 /* ViewController.h */ = {isa = PBXFileReference; lastKnownFileType = sourcecode.c.h; path = ViewController.h; sourceTree = "<group>"; };
		E7452EA21D8E266200F036E5 /* ViewController.m */ = {isa = PBXFileReference; lastKnownFileType = sourcecode.c.objc; path = ViewController.m; sourceTree = "<group>"; };
		E7452EA51D8E266200F036E5 /* Base */ = {isa = PBXFileReference; lastKnownFileType = file.storyboard; name = Base; path = Base.lproj/Main.storyboard; sourceTree = "<group>"; };
		E7452EA71D8E266200F036E5 /* Assets.xcassets */ = {isa = PBXFileReference; lastKnownFileType = folder.assetcatalog; path = Assets.xcassets; sourceTree = "<group>"; };
		E7452EAA1D8E266200F036E5 /* Base */ = {isa = PBXFileReference; lastKnownFileType = file.storyboard; name = Base; path = Base.lproj/LaunchScreen.storyboard; sourceTree = "<group>"; };
		E7452EAC1D8E266200F036E5 /* Info.plist */ = {isa = PBXFileReference; lastKnownFileType = text.plist.xml; path = Info.plist; sourceTree = "<group>"; };
		E7452EB11D8E266200F036E5 /* block保存代码块Tests.xctest */ = {isa = PBXFileReference; explicitFileType = wrapper.cfbundle; includeInIndex = 0; path = "block保存代码块Tests.xctest"; sourceTree = BUILT_PRODUCTS_DIR; };
		E7452EB51D8E266200F036E5 /* block_____Tests.m */ = {isa = PBXFileReference; lastKnownFileType = sourcecode.c.objc; path = "block_____Tests.m"; sourceTree = "<group>"; };
		E7452EB71D8E266200F036E5 /* Info.plist */ = {isa = PBXFileReference; lastKnownFileType = text.plist.xml; path = Info.plist; sourceTree = "<group>"; };
		E7452EBC1D8E266200F036E5 /* block保存代码块UITests.xctest */ = {isa = PBXFileReference; explicitFileType = wrapper.cfbundle; includeInIndex = 0; path = "block保存代码块UITests.xctest"; sourceTree = BUILT_PRODUCTS_DIR; };
		E7452EC01D8E266200F036E5 /* block_____UITests.m */ = {isa = PBXFileReference; lastKnownFileType = sourcecode.c.objc; path = "block_____UITests.m"; sourceTree = "<group>"; };
		E7452EC21D8E266200F036E5 /* Info.plist */ = {isa = PBXFileReference; lastKnownFileType = text.plist.xml; path = Info.plist; sourceTree = "<group>"; };
		E7452ECE1D8E274A00F036E5 /* ATTableViewCell.h */ = {isa = PBXFileReference; fileEncoding = 4; lastKnownFileType = sourcecode.c.h; path = ATTableViewCell.h; sourceTree = "<group>"; };
		E7452ECF1D8E274A00F036E5 /* ATTableViewCell.m */ = {isa = PBXFileReference; fileEncoding = 4; lastKnownFileType = sourcecode.c.objc; path = ATTableViewCell.m; sourceTree = "<group>"; };
		E7452ED11D8E2AB000F036E5 /* ATModel.h */ = {isa = PBXFileReference; fileEncoding = 4; lastKnownFileType = sourcecode.c.h; path = ATModel.h; sourceTree = "<group>"; };
		E7452ED21D8E2AB000F036E5 /* ATModel.m */ = {isa = PBXFileReference; fileEncoding = 4; lastKnownFileType = sourcecode.c.objc; path = ATModel.m; sourceTree = "<group>"; };
/* End PBXFileReference section */

/* Begin PBXFrameworksBuildPhase section */
		E7452E951D8E266200F036E5 /* Frameworks */ = {
			isa = PBXFrameworksBuildPhase;
			buildActionMask = 2147483647;
			files = (
			);
			runOnlyForDeploymentPostprocessing = 0;
		};
		E7452EAE1D8E266200F036E5 /* Frameworks */ = {
			isa = PBXFrameworksBuildPhase;
			buildActionMask = 2147483647;
			files = (
			);
			runOnlyForDeploymentPostprocessing = 0;
		};
		E7452EB91D8E266200F036E5 /* Frameworks */ = {
			isa = PBXFrameworksBuildPhase;
			buildActionMask = 2147483647;
			files = (
			);
			runOnlyForDeploymentPostprocessing = 0;
		};
/* End PBXFrameworksBuildPhase section */

/* Begin PBXGroup section */
		E7452E8F1D8E266200F036E5 = {
			isa = PBXGroup;
			children = (
				E7452E9A1D8E266200F036E5 /* block保存代码块 */,
				E7452EB41D8E266200F036E5 /* block保存代码块Tests */,
				E7452EBF1D8E266200F036E5 /* block保存代码块UITests */,
				E7452E991D8E266200F036E5 /* Products */,
			);
			sourceTree = "<group>";
		};
		E7452E991D8E266200F036E5 /* Products */ = {
			isa = PBXGroup;
			children = (
				E7452E981D8E266200F036E5 /* block保存代码块.app */,
				E7452EB11D8E266200F036E5 /* block保存代码块Tests.xctest */,
				E7452EBC1D8E266200F036E5 /* block保存代码块UITests.xctest */,
			);
			name = Products;
			sourceTree = "<group>";
		};
		E7452E9A1D8E266200F036E5 /* block保存代码块 */ = {
			isa = PBXGroup;
			children = (
				E7452E9E1D8E266200F036E5 /* AppDelegate.h */,
				E7452E9F1D8E266200F036E5 /* AppDelegate.m */,
				E7452EA11D8E266200F036E5 /* ViewController.h */,
				E7452EA21D8E266200F036E5 /* ViewController.m */,
				E7452ECE1D8E274A00F036E5 /* ATTableViewCell.h */,
				E7452ECF1D8E274A00F036E5 /* ATTableViewCell.m */,
				E7452ED11D8E2AB000F036E5 /* ATModel.h */,
				E7452ED21D8E2AB000F036E5 /* ATModel.m */,
				E7452EA41D8E266200F036E5 /* Main.storyboard */,
				E7452EA71D8E266200F036E5 /* Assets.xcassets */,
				E7452EA91D8E266200F036E5 /* LaunchScreen.storyboard */,
				E7452EAC1D8E266200F036E5 /* Info.plist */,
				E7452E9B1D8E266200F036E5 /* Supporting Files */,
			);
			path = "block保存代码块";
			sourceTree = "<group>";
		};
		E7452E9B1D8E266200F036E5 /* Supporting Files */ = {
			isa = PBXGroup;
			children = (
				E7452E9C1D8E266200F036E5 /* main.m */,
			);
			name = "Supporting Files";
			sourceTree = "<group>";
		};
		E7452EB41D8E266200F036E5 /* block保存代码块Tests */ = {
			isa = PBXGroup;
			children = (
				E7452EB51D8E266200F036E5 /* block_____Tests.m */,
				E7452EB71D8E266200F036E5 /* Info.plist */,
			);
			path = "block保存代码块Tests";
			sourceTree = "<group>";
		};
		E7452EBF1D8E266200F036E5 /* block保存代码块UITests */ = {
			isa = PBXGroup;
			children = (
				E7452EC01D8E266200F036E5 /* block_____UITests.m */,
				E7452EC21D8E266200F036E5 /* Info.plist */,
			);
			path = "block保存代码块UITests";
			sourceTree = "<group>";
		};
/* End PBXGroup section */

/* Begin PBXNativeTarget section */
		E7452E971D8E266200F036E5 /* block保存代码块 */ = {
			isa = PBXNativeTarget;
			buildConfigurationList = E7452EC51D8E266200F036E5 /* Build configuration list for PBXNativeTarget "block保存代码块" */;
			buildPhases = (
				E7452E941D8E266200F036E5 /* Sources */,
				E7452E951D8E266200F036E5 /* Frameworks */,
				E7452E961D8E266200F036E5 /* Resources */,
			);
			buildRules = (
			);
			dependencies = (
			);
			name = "block保存代码块";
			productName = "block保存代码块";
			productReference = E7452E981D8E266200F036E5 /* block保存代码块.app */;
			productType = "com.apple.product-type.application";
		};
		E7452EB01D8E266200F036E5 /* block保存代码块Tests */ = {
			isa = PBXNativeTarget;
			buildConfigurationList = E7452EC81D8E266200F036E5 /* Build configuration list for PBXNativeTarget "block保存代码块Tests" */;
			buildPhases = (
				E7452EAD1D8E266200F036E5 /* Sources */,
				E7452EAE1D8E266200F036E5 /* Frameworks */,
				E7452EAF1D8E266200F036E5 /* Resources */,
			);
			buildRules = (
			);
			dependencies = (
				E7452EB31D8E266200F036E5 /* PBXTargetDependency */,
			);
			name = "block保存代码块Tests";
			productName = "block保存代码块Tests";
			productReference = E7452EB11D8E266200F036E5 /* block保存代码块Tests.xctest */;
			productType = "com.apple.product-type.bundle.unit-test";
		};
		E7452EBB1D8E266200F036E5 /* block保存代码块UITests */ = {
			isa = PBXNativeTarget;
			buildConfigurationList = E7452ECB1D8E266200F036E5 /* Build configuration list for PBXNativeTarget "block保存代码块UITests" */;
			buildPhases = (
				E7452EB81D8E266200F036E5 /* Sources */,
				E7452EB91D8E266200F036E5 /* Frameworks */,
				E7452EBA1D8E266200F036E5 /* Resources */,
			);
			buildRules = (
			);
			dependencies = (
				E7452EBE1D8E266200F036E5 /* PBXTargetDependency */,
			);
			name = "block保存代码块UITests";
			productName = "block保存代码块UITests";
			productReference = E7452EBC1D8E266200F036E5 /* block保存代码块UITests.xctest */;
			productType = "com.apple.product-type.bundle.ui-testing";
		};
/* End PBXNativeTarget section */

/* Begin PBXProject section */
		E7452E901D8E266200F036E5 /* Project object */ = {
			isa = PBXProject;
			attributes = {
				LastUpgradeCheck = 0730;
				ORGANIZATIONNAME = alan;
				TargetAttributes = {
					E7452E971D8E266200F036E5 = {
						CreatedOnToolsVersion = 7.3.1;
					};
					E7452EB01D8E266200F036E5 = {
						CreatedOnToolsVersion = 7.3.1;
						TestTargetID = E7452E971D8E266200F036E5;
					};
					E7452EBB1D8E266200F036E5 = {
						CreatedOnToolsVersion = 7.3.1;
						TestTargetID = E7452E971D8E266200F036E5;
					};
				};
			};
			buildConfigurationList = E7452E931D8E266200F036E5 /* Build configuration list for PBXProject "block保存代码块" */;
			compatibilityVersion = "Xcode 3.2";
			developmentRegion = English;
			hasScannedForEncodings = 0;
			knownRegions = (
				en,
				Base,
			);
			mainGroup = E7452E8F1D8E266200F036E5;
			productRefGroup = E7452E991D8E266200F036E5 /* Products */;
			projectDirPath = "";
			projectRoot = "";
			targets = (
				E7452E971D8E266200F036E5 /* block保存代码块 */,
				E7452EB01D8E266200F036E5 /* block保存代码块Tests */,
				E7452EBB1D8E266200F036E5 /* block保存代码块UITests */,
			);
		};
/* End PBXProject section */

/* Begin PBXResourcesBuildPhase section */
		E7452E961D8E266200F036E5 /* Resources */ = {
			isa = PBXResourcesBuildPhase;
			buildActionMask = 2147483647;
			files = (
				E7452EAB1D8E266200F036E5 /* LaunchScreen.storyboard in Resources */,
				E7452EA81D8E266200F036E5 /* Assets.xcassets in Resources */,
				E7452EA61D8E266200F036E5 /* Main.storyboard in Resources */,
			);
			runOnlyForDeploymentPostprocessing = 0;
		};
		E7452EAF1D8E266200F036E5 /* Resources */ = {
			isa = PBXResourcesBuildPhase;
			buildActionMask = 2147483647;
			files = (
			);
			runOnlyForDeploymentPostprocessing = 0;
		};
		E7452EBA1D8E266200F036E5 /* Resources */ = {
			isa = PBXResourcesBuildPhase;
			buildActionMask = 2147483647;
			files = (
			);
			runOnlyForDeploymentPostprocessing = 0;
		};
/* End PBXResourcesBuildPhase section */

/* Begin PBXSourcesBuildPhase section */
		E7452E941D8E266200F036E5 /* Sources */ = {
			isa = PBXSourcesBuildPhase;
			buildActionMask = 2147483647;
			files = (
				E7452ED31D8E2AB000F036E5 /* ATModel.m in Sources */,
				E7452ED01D8E274A00F036E5 /* ATTableViewCell.m in Sources */,
				E7452EA31D8E266200F036E5 /* ViewController.m in Sources */,
				E7452EA01D8E266200F036E5 /* AppDelegate.m in Sources */,
				E7452E9D1D8E266200F036E5 /* main.m in Sources */,
			);
			runOnlyForDeploymentPostprocessing = 0;
		};
		E7452EAD1D8E266200F036E5 /* Sources */ = {
			isa = PBXSourcesBuildPhase;
			buildActionMask = 2147483647;
			files = (
				E7452EB61D8E266200F036E5 /* block_____Tests.m in Sources */,
			);
			runOnlyForDeploymentPostprocessing = 0;
		};
		E7452EB81D8E266200F036E5 /* Sources */ = {
			isa = PBXSourcesBuildPhase;
			buildActionMask = 2147483647;
			files = (
				E7452EC11D8E266200F036E5 /* block_____UITests.m in Sources */,
			);
			runOnlyForDeploymentPostprocessing = 0;
		};
/* End PBXSourcesBuildPhase section */

/* Begin PBXTargetDependency section */
		E7452EB31D8E266200F036E5 /* PBXTargetDependency */ = {
			isa = PBXTargetDependency;
			target = E7452E971D8E266200F036E5 /* block保存代码块 */;
			targetProxy = E7452EB21D8E266200F036E5 /* PBXContainerItemProxy */;
		};
		E7452EBE1D8E266200F036E5 /* PBXTargetDependency */ = {
			isa = PBXTargetDependency;
			target = E7452E971D8E266200F036E5 /* block保存代码块 */;
			targetProxy = E7452EBD1D8E266200F036E5 /* PBXContainerItemProxy */;
		};
/* End PBXTargetDependency section */

/* Begin PBXVariantGroup section */
		E7452EA41D8E266200F036E5 /* Main.storyboard */ = {
			isa = PBXVariantGroup;
			children = (
				E7452EA51D8E266200F036E5 /* Base */,
			);
			name = Main.storyboard;
			sourceTree = "<group>";
		};
		E7452EA91D8E266200F036E5 /* LaunchScreen.storyboard */ = {
			isa = PBXVariantGroup;
			children = (
				E7452EAA1D8E266200F036E5 /* Base */,
			);
			name = LaunchScreen.storyboard;
			sourceTree = "<group>";
		};
/* End PBXVariantGroup section */

/* Begin XCBuildConfiguration section */
		E7452EC31D8E266200F036E5 /* Debug */ = {
			isa = XCBuildConfiguration;
			buildSettings = {
				ALWAYS_SEARCH_USER_PATHS = NO;
				CLANG_ANALYZER_NONNULL = YES;
				CLANG_CXX_LANGUAGE_STANDARD = "gnu++0x";
				CLANG_CXX_LIBRARY = "libc++";
				CLANG_ENABLE_MODULES = YES;
				CLANG_ENABLE_OBJC_ARC = YES;
				CLANG_WARN_BOOL_CONVERSION = YES;
				CLANG_WARN_CONSTANT_CONVERSION = YES;
				CLANG_WARN_DIRECT_OBJC_ISA_USAGE = YES_ERROR;
				CLANG_WARN_EMPTY_BODY = YES;
				CLANG_WARN_ENUM_CONVERSION = YES;
				CLANG_WARN_INT_CONVERSION = YES;
				CLANG_WARN_OBJC_ROOT_CLASS = YES_ERROR;
				CLANG_WARN_UNREACHABLE_CODE = YES;
				CLANG_WARN__DUPLICATE_METHOD_MATCH = YES;
				"CODE_SIGN_IDENTITY[sdk=iphoneos*]" = "iPhone Developer";
				COPY_PHASE_STRIP = NO;
				DEBUG_INFORMATION_FORMAT = dwarf;
				ENABLE_STRICT_OBJC_MSGSEND = YES;
				ENABLE_TESTABILITY = YES;
				GCC_C_LANGUAGE_STANDARD = gnu99;
				GCC_DYNAMIC_NO_PIC = NO;
				GCC_NO_COMMON_BLOCKS = YES;
				GCC_OPTIMIZATION_LEVEL = 0;
				GCC_PREPROCESSOR_DEFINITIONS = (
					"DEBUG=1",
					"$(inherited)",
				);
				GCC_WARN_64_TO_32_BIT_CONVERSION = YES;
				GCC_WARN_ABOUT_RETURN_TYPE = YES_ERROR;
				GCC_WARN_UNDECLARED_SELECTOR = YES;
				GCC_WARN_UNINITIALIZED_AUTOS = YES_AGGRESSIVE;
				GCC_WARN_UNUSED_FUNCTION = YES;
				GCC_WARN_UNUSED_VARIABLE = YES;
				IPHONEOS_DEPLOYMENT_TARGET = 9.3;
				MTL_ENABLE_DEBUG_INFO = YES;
				ONLY_ACTIVE_ARCH = YES;
				SDKROOT = iphoneos;
			};
			name = Debug;
		};
		E7452EC41D8E266200F036E5 /* Release */ = {
			isa = XCBuildConfiguration;
			buildSettings = {
				ALWAYS_SEARCH_USER_PATHS = NO;
				CLANG_ANALYZER_NONNULL = YES;
				CLANG_CXX_LANGUAGE_STANDARD = "gnu++0x";
				CLANG_CXX_LIBRARY = "libc++";
				CLANG_ENABLE_MODULES = YES;
				CLANG_ENABLE_OBJC_ARC = YES;
				CLANG_WARN_BOOL_CONVERSION = YES;
				CLANG_WARN_CONSTANT_CONVERSION = YES;
				CLANG_WARN_DIRECT_OBJC_ISA_USAGE = YES_ERROR;
				CLANG_WARN_EMPTY_BODY = YES;
				CLANG_WARN_ENUM_CONVERSION = YES;
				CLANG_WARN_INT_CONVERSION = YES;
				CLANG_WARN_OBJC_ROOT_CLASS = YES_ERROR;
				CLANG_WARN_UNREACHABLE_CODE = YES;
				CLANG_WARN__DUPLICATE_METHOD_MATCH = YES;
				"CODE_SIGN_IDENTITY[sdk=iphoneos*]" = "iPhone Developer";
				COPY_PHASE_STRIP = NO;
				DEBUG_INFORMATION_FORMAT = "dwarf-with-dsym";
				ENABLE_NS_ASSERTIONS = NO;
				ENABLE_STRICT_OBJC_MSGSEND = YES;
				GCC_C_LANGUAGE_STANDARD = gnu99;
				GCC_NO_COMMON_BLOCKS = YES;
				GCC_WARN_64_TO_32_BIT_CONVERSION = YES;
				GCC_WARN_ABOUT_RETURN_TYPE = YES_ERROR;
				GCC_WARN_UNDECLARED_SELECTOR = YES;
				GCC_WARN_UNINITIALIZED_AUTOS = YES_AGGRESSIVE;
				GCC_WARN_UNUSED_FUNCTION = YES;
				GCC_WARN_UNUSED_VARIABLE = YES;
				IPHONEOS_DEPLOYMENT_TARGET = 9.3;
				MTL_ENABLE_DEBUG_INFO = NO;
				SDKROOT = iphoneos;
				VALIDATE_PRODUCT = YES;
			};
			name = Release;
		};
		E7452EC61D8E266200F036E5 /* Debug */ = {
			isa = XCBuildConfiguration;
			buildSettings = {
				ASSETCATALOG_COMPILER_APPICON_NAME = AppIcon;
				INFOPLIST_FILE = "block保存代码块/Info.plist";
				LD_RUNPATH_SEARCH_PATHS = "$(inherited) @executable_path/Frameworks";
				PRODUCT_BUNDLE_IDENTIFIER = "com.alan.block-----";
				PRODUCT_NAME = "$(TARGET_NAME)";
			};
			name = Debug;
		};
		E7452EC71D8E266200F036E5 /* Release */ = {
			isa = XCBuildConfiguration;
			buildSettings = {
				ASSETCATALOG_COMPILER_APPICON_NAME = AppIcon;
				INFOPLIST_FILE = "block保存代码块/Info.plist";
				LD_RUNPATH_SEARCH_PATHS = "$(inherited) @executable_path/Frameworks";
				PRODUCT_BUNDLE_IDENTIFIER = "com.alan.block-----";
				PRODUCT_NAME = "$(TARGET_NAME)";
			};
			name = Release;
		};
		E7452EC91D8E266200F036E5 /* Debug */ = {
			isa = XCBuildConfiguration;
			buildSettings = {
				BUNDLE_LOADER = "$(TEST_HOST)";
				INFOPLIST_FILE = "block保存代码块Tests/Info.plist";
				LD_RUNPATH_SEARCH_PATHS = "$(inherited) @executable_path/Frameworks @loader_path/Frameworks";
				PRODUCT_BUNDLE_IDENTIFIER = "com.alan.block-----Tests";
				PRODUCT_NAME = "$(TARGET_NAME)";
				TEST_HOST = "$(BUILT_PRODUCTS_DIR)/block保存代码块.app/block保存代码块";
			};
			name = Debug;
		};
		E7452ECA1D8E266200F036E5 /* Release */ = {
			isa = XCBuildConfiguration;
			buildSettings = {
				BUNDLE_LOADER = "$(TEST_HOST)";
				INFOPLIST_FILE = "block保存代码块Tests/Info.plist";
				LD_RUNPATH_SEARCH_PATHS = "$(inherited) @executable_path/Frameworks @loader_path/Frameworks";
				PRODUCT_BUNDLE_IDENTIFIER = "com.alan.block-----Tests";
				PRODUCT_NAME = "$(TARGET_NAME)";
				TEST_HOST = "$(BUILT_PRODUCTS_DIR)/block保存代码块.app/block保存代码块";
			};
			name = Release;
		};
		E7452ECC1D8E266200F036E5 /* Debug */ = {
			isa = XCBuildConfiguration;
			buildSettings = {
				INFOPLIST_FILE = "block保存代码块UITests/Info.plist";
				LD_RUNPATH_SEARCH_PATHS = "$(inherited) @executable_path/Frameworks @loader_path/Frameworks";
				PRODUCT_BUNDLE_IDENTIFIER = "com.alan.block-----UITests";
				PRODUCT_NAME = "$(TARGET_NAME)";
				TEST_TARGET_NAME = "block保存代码块";
			};
			name = Debug;
		};
		E7452ECD1D8E266200F036E5 /* Release */ = {
			isa = XCBuildConfiguration;
			buildSettings = {
				INFOPLIST_FILE = "block保存代码块UITests/Info.plist";
				LD_RUNPATH_SEARCH_PATHS = "$(inherited) @executable_path/Frameworks @loader_path/Frameworks";
				PRODUCT_BUNDLE_IDENTIFIER = "com.alan.block-----UITests";
				PRODUCT_NAME = "$(TARGET_NAME)";
				TEST_TARGET_NAME = "block保存代码块";
			};
			name = Release;
		};
/* End XCBuildConfiguration section */

/* Begin XCConfigurationList section */
		E7452E931D8E266200F036E5 /* Build configuration list for PBXProject "block保存代码块" */ = {
			isa = XCConfigurationList;
			buildConfigurations = (
				E7452EC31D8E266200F036E5 /* Debug */,
				E7452EC41D8E266200F036E5 /* Release */,
			);
			defaultConfigurationIsVisible = 0;
			defaultConfigurationName = Release;
		};
		E7452EC51D8E266200F036E5 /* Build configuration list for PBXNativeTarget "block保存代码块" */ = {
			isa = XCConfigurationList;
			buildConfigurations = (
				E7452EC61D8E266200F036E5 /* Debug */,
				E7452EC71D8E266200F036E5 /* Release */,
			);
			defaultConfigurationIsVisible = 0;
		};
		E7452EC81D8E266200F036E5 /* Build configuration list for PBXNativeTarget "block保存代码块Tests" */ = {
			isa = XCConfigurationList;
			buildConfigurations = (
				E7452EC91D8E266200F036E5 /* Debug */,
				E7452ECA1D8E266200F036E5 /* Release */,
			);
			defaultConfigurationIsVisible = 0;
		};
		E7452ECB1D8E266200F036E5 /* Build configuration list for PBXNativeTarget "block保存代码块UITests" */ = {
			isa = XCConfigurationList;
			buildConfigurations = (
				E7452ECC1D8E266200F036E5 /* Debug */,
				E7452ECD1D8E266200F036E5 /* Release */,
			);
			defaultConfigurationIsVisible = 0;
		};
/* End XCConfigurationList section */
	};
	rootObject = E7452E901D8E266200F036E5 /* Project object */;
}
